
Microsoft Visual Studio Solution File, Format Version 12.00
# Visual Studio Version 16
VisualStudioVersion = 16.0.30114.105
MinimumVisualStudioVersion = 10.0.40219.1
Project("{2150E333-8FDC-42A3-9474-1A3956D46DE8}") = "core", "core", "{8A175EC5-65EE-4638-8DC9-8B89898B332C}"
EndProject
Project("{2150E333-8FDC-42A3-9474-1A3956D46DE8}") = "infastructure", "infastructure", "{B5C79180-5754-4037-AE73-730DDA6FC9B0}"
EndProject
Project("{2150E333-8FDC-42A3-9474-1A3956D46DE8}") = "Domain", "Domain", "{B31716EB-ECBB-4E25-BFF4-0EEF2BB031E4}"
EndProject
Project("{2150E333-8FDC-42A3-9474-1A3956D46DE8}") = "Application", "Application", "{88CCCD30-8926-4AA9-8865-E28001941E55}"
EndProject
Project("{FAE04EC0-301F-11D3-BF4B-00C04F79EFBC}") = "pagecom.mvc.domain", "pagecom.mvc.domain\pagecom.mvc.domain.csproj", "{265E2983-C0D3-49EC-B5B4-86E55510E947}"
EndProject
Project("{FAE04EC0-301F-11D3-BF4B-00C04F79EFBC}") = "pagecom.mvc.application", "pagecom.mvc.application\pagecom.mvc.application.csproj", "{70F974C0-121A-4BA1-92CE-284A3D1D3441}"
EndProject
Project("{2150E333-8FDC-42A3-9474-1A3956D46DE8}") = "data", "data", "{E20EA759-645D-4EBC-BD5E-49F791D10E9D}"
EndProject
Project("{2150E333-8FDC-42A3-9474-1A3956D46DE8}") = "infa", "infa", "{22481E79-BAC7-49F3-95E6-176701094201}"
EndProject
Project("{FAE04EC0-301F-11D3-BF4B-00C04F79EFBC}") = "pagecom.mvc.infastructure", "pagecom.mvc.infastructure\pagecom.mvc.infastructure.csproj", "{A6151920-C95F-4AA8-A38F-93ECE44A3F1D}"
EndProject
Project("{FAE04EC0-301F-11D3-BF4B-00C04F79EFBC}") = "pagecom.mvc.data", "pagecom.mvc.data\pagecom.mvc.data.csproj", "{3FCC0B87-8124-4EA3-AA6A-13E93952EBEF}"
EndProject
Project("{2150E333-8FDC-42A3-9474-1A3956D46DE8}") = "Ui", "Ui", "{57E656C8-7BE4-4CE9-B651-C21C48306F5A}"
EndProject
Project("{2150E333-8FDC-42A3-9474-1A3956D46DE8}") = "Mvc", "Mvc", "{13958AF1-A9FF-4529-904F-BB416A956C33}"
EndProject
Project("{FAE04EC0-301F-11D3-BF4B-00C04F79EFBC}") = "pagecom.mvc.mvc", "pagecom.mvc.mvc\pagecom.mvc.mvc.csproj", "{929FD64E-3A9E-428D-8AAD-5186F7511967}"
EndProject
Global
	GlobalSection(SolutionConfigurationPlatforms) = preSolution
		Debug|Any CPU = Debug|Any CPU
		Release|Any CPU = Release|Any CPU
	EndGlobalSection
	GlobalSection(SolutionProperties) = preSolution
		HideSolutionNode = FALSE
	EndGlobalSection
	GlobalSection(NestedProjects) = preSolution
		{B31716EB-ECBB-4E25-BFF4-0EEF2BB031E4} = {8A175EC5-65EE-4638-8DC9-8B89898B332C}
		{88CCCD30-8926-4AA9-8865-E28001941E55} = {8A175EC5-65EE-4638-8DC9-8B89898B332C}
		{265E2983-C0D3-49EC-B5B4-86E55510E947} = {B31716EB-ECBB-4E25-BFF4-0EEF2BB031E4}
		{70F974C0-121A-4BA1-92CE-284A3D1D3441} = {88CCCD30-8926-4AA9-8865-E28001941E55}
		{E20EA759-645D-4EBC-BD5E-49F791D10E9D} = {B5C79180-5754-4037-AE73-730DDA6FC9B0}
		{22481E79-BAC7-49F3-95E6-176701094201} = {B5C79180-5754-4037-AE73-730DDA6FC9B0}
		{A6151920-C95F-4AA8-A38F-93ECE44A3F1D} = {22481E79-BAC7-49F3-95E6-176701094201}
		{3FCC0B87-8124-4EA3-AA6A-13E93952EBEF} = {E20EA759-645D-4EBC-BD5E-49F791D10E9D}
		{13958AF1-A9FF-4529-904F-BB416A956C33} = {57E656C8-7BE4-4CE9-B651-C21C48306F5A}
		{929FD64E-3A9E-428D-8AAD-5186F7511967} = {13958AF1-A9FF-4529-904F-BB416A956C33}
	EndGlobalSection
	GlobalSection(ProjectConfigurationPlatforms) = postSolution
		{265E2983-C0D3-49EC-B5B4-86E55510E947}.Debug|Any CPU.ActiveCfg = Debug|Any CPU
		{265E2983-C0D3-49EC-B5B4-86E55510E947}.Debug|Any CPU.Build.0 = Debug|Any CPU
		{265E2983-C0D3-49EC-B5B4-86E55510E947}.Release|Any CPU.ActiveCfg = Release|Any CPU
		{265E2983-C0D3-49EC-B5B4-86E55510E947}.Release|Any CPU.Build.0 = Release|Any CPU
		{70F974C0-121A-4BA1-92CE-284A3D1D3441}.Debug|Any CPU.ActiveCfg = Debug|Any CPU
		{70F974C0-121A-4BA1-92CE-284A3D1D3441}.Debug|Any CPU.Build.0 = Debug|Any CPU
		{70F974C0-121A-4BA1-92CE-284A3D1D3441}.Release|Any CPU.ActiveCfg = Release|Any CPU
		{70F974C0-121A-4BA1-92CE-284A3D1D3441}.Release|Any CPU.Build.0 = Release|Any CPU
		{A6151920-C95F-4AA8-A38F-93ECE44A3F1D}.Debug|Any CPU.ActiveCfg = Debug|Any CPU
		{A6151920-C95F-4AA8-A38F-93ECE44A3F1D}.Debug|Any CPU.Build.0 = Debug|Any CPU
		{A6151920-C95F-4AA8-A38F-93ECE44A3F1D}.Release|Any CPU.ActiveCfg = Release|Any CPU
		{A6151920-C95F-4AA8-A38F-93ECE44A3F1D}.Release|Any CPU.Build.0 = Release|Any CPU
		{3FCC0B87-8124-4EA3-AA6A-13E93952EBEF}.Debug|Any CPU.ActiveCfg = Debug|Any CPU
		{3FCC0B87-8124-4EA3-AA6A-13E93952EBEF}.Debug|Any CPU.Build.0 = Debug|Any CPU
		{3FCC0B87-8124-4EA3-AA6A-13E93952EBEF}.Release|Any CPU.ActiveCfg = Release|Any CPU
		{3FCC0B87-8124-4EA3-AA6A-13E93952EBEF}.Release|Any CPU.Build.0 = Release|Any CPU
		{929FD64E-3A9E-428D-8AAD-5186F7511967}.Debug|Any CPU.ActiveCfg = Debug|Any CPU
		{929FD64E-3A9E-428D-8AAD-5186F7511967}.Debug|Any CPU.Build.0 = Debug|Any CPU
		{929FD64E-3A9E-428D-8AAD-5186F7511967}.Release|Any CPU.ActiveCfg = Release|Any CPU
		{929FD64E-3A9E-428D-8AAD-5186F7511967}.Release|Any CPU.Build.0 = Release|Any CPU
	EndGlobalSection
EndGlobal
